
Microsoft Visual Studio Solution File, Format Version 12.00
# Visual Studio Version 17
VisualStudioVersion = 17.8.34330.188
MinimumVisualStudioVersion = 10.0.40219.1
Project("{FAE04EC0-301F-11D3-BF4B-00C04F79EFBC}") = "PresentationLayer", "PresentationLayer\PresentationLayer.csproj", "{9BD9E90F-F65B-4DF9-A144-970ED9AAC8CA}"
EndProject
Project("{FAE04EC0-301F-11D3-BF4B-00C04F79EFBC}") = "BusinessLayer", "BusinessLayer\BusinessLayer.csproj", "{167CB34F-9CA5-46C8-8B94-9060C84BA995}"
EndProject
Project("{FAE04EC0-301F-11D3-BF4B-00C04F79EFBC}") = "DataAccessLayer", "DataAccessLayer\DataAccessLayer.csproj", "{591BC0CA-9A3D-485A-8B8D-1A9C708B58B2}"
EndProject
Global
	GlobalSection(SolutionConfigurationPlatforms) = preSolution
		Debug|Any CPU = Debug|Any CPU
		Release|Any CPU = Release|Any CPU
	EndGlobalSection
	GlobalSection(ProjectConfigurationPlatforms) = postSolution
		{9BD9E90F-F65B-4DF9-A144-970ED9AAC8CA}.Debug|Any CPU.ActiveCfg = Debug|Any CPU
		{9BD9E90F-F65B-4DF9-A144-970ED9AAC8CA}.Debug|Any CPU.Build.0 = Debug|Any CPU
		{9BD9E90F-F65B-4DF9-A144-970ED9AAC8CA}.Release|Any CPU.ActiveCfg = Release|Any CPU
		{9BD9E90F-F65B-4DF9-A144-970ED9AAC8CA}.Release|Any CPU.Build.0 = Release|Any CPU
		{167CB34F-9CA5-46C8-8B94-9060C84BA995}.Debug|Any CPU.ActiveCfg = Debug|Any CPU
		{167CB34F-9CA5-46C8-8B94-9060C84BA995}.Debug|Any CPU.Build.0 = Debug|Any CPU
		{167CB34F-9CA5-46C8-8B94-9060C84BA995}.Release|Any CPU.ActiveCfg = Release|Any CPU
		{167CB34F-9CA5-46C8-8B94-9060C84BA995}.Release|Any CPU.Build.0 = Release|Any CPU
		{591BC0CA-9A3D-485A-8B8D-1A9C708B58B2}.Debug|Any CPU.ActiveCfg = Debug|Any CPU
		{591BC0CA-9A3D-485A-8B8D-1A9C708B58B2}.Debug|Any CPU.Build.0 = Debug|Any CPU
		{591BC0CA-9A3D-485A-8B8D-1A9C708B58B2}.Release|Any CPU.ActiveCfg = Release|Any CPU
		{591BC0CA-9A3D-485A-8B8D-1A9C708B58B2}.Release|Any CPU.Build.0 = Release|Any CPU
	EndGlobalSection
	GlobalSection(SolutionProperties) = preSolution
		HideSolutionNode = FALSE
	EndGlobalSection
	GlobalSection(ExtensibilityGlobals) = postSolution
		SolutionGuid = {BF5B15A6-378F-45BC-A659-F9BBA02179F2}
	EndGlobalSection
EndGlobal
